{
  "name": "sadafgold",
  "lockfileVersion": 3,
  "requires": true,
  "packages": {
    "": {
      "dependencies": {
        "pnpm": "^11.3.0"
      }
    },
    "node_modules/pnpm": {
      "version": "11.3.0",
      "resolved": "https://mirror-npm.runflare.com/pnpm/-/pnpm-11.3.0.tgz",
      "integrity": "sha512-LEA9ZZRScodnKx9wVjQ6H3w2NANqZ/+r/MKz11ldhDdo+HhxSNG1fPeVbJBga70ZKFfDY68Z6W0tDsnsV0HSFQ==",
      "license": "MIT",
      "bin": {
        "pn": "bin/pnpm.mjs",
        "pnpm": "bin/pnpm.mjs",
        "pnpx": "bin/pnpx.mjs",
        "pnx": "bin/pnpx.mjs"
      },
      "engines": {
        "node": ">=22.13"
      },
      "funding": {
        "url": "https://opencollective.com/pnpm"
      }
    }
  }
}
